
Microsoft Visual Studio Solution File, Format Version 12.00
# Visual Studio Version 16
VisualStudioVersion = 16.0.30717.126
MinimumVisualStudioVersion = 10.0.40219.1
Project("{FAE04EC0-301F-11D3-BF4B-00C04F79EFBC}") = "Modul01_HelloWPF", "HelloWPF\Modul01_HelloWPF.csproj", "{D03FECAB-5914-4734-AC67-EDF7F4848BBF}"
EndProject
Project("{FAE04EC0-301F-11D3-BF4B-00C04F79EFBC}") = "Modul02_Controls", "Controls\Modul02_Controls.csproj", "{7F347886-C6E7-4777-8EC3-FB15777A09CD}"
EndProject
Project("{FAE04EC0-301F-11D3-BF4B-00C04F79EFBC}") = "Modul03.1_Container", "Container\Modul03.1_Container.csproj", "{EF30C349-B89D-4162-B4CA-9393401EED87}"
EndProject
Project("{FAE04EC0-301F-11D3-BF4B-00C04F79EFBC}") = "Modul03.2_TextBoxUebung", "Uebung_Textbox\Modul03.2_TextBoxUebung.csproj", "{8505C1B6-F54F-4CF7-9E55-F9070995BB21}"
EndProject
Global
	GlobalSection(SolutionConfigurationPlatforms) = preSolution
		Debug|Any CPU = Debug|Any CPU
		Release|Any CPU = Release|Any CPU
	EndGlobalSection
	GlobalSection(ProjectConfigurationPlatforms) = postSolution
		{D03FECAB-5914-4734-AC67-EDF7F4848BBF}.Debug|Any CPU.ActiveCfg = Debug|Any CPU
		{D03FECAB-5914-4734-AC67-EDF7F4848BBF}.Debug|Any CPU.Build.0 = Debug|Any CPU
		{D03FECAB-5914-4734-AC67-EDF7F4848BBF}.Release|Any CPU.ActiveCfg = Release|Any CPU
		{D03FECAB-5914-4734-AC67-EDF7F4848BBF}.Release|Any CPU.Build.0 = Release|Any CPU
		{7F347886-C6E7-4777-8EC3-FB15777A09CD}.Debug|Any CPU.ActiveCfg = Debug|Any CPU
		{7F347886-C6E7-4777-8EC3-FB15777A09CD}.Debug|Any CPU.Build.0 = Debug|Any CPU
		{7F347886-C6E7-4777-8EC3-FB15777A09CD}.Release|Any CPU.ActiveCfg = Release|Any CPU
		{7F347886-C6E7-4777-8EC3-FB15777A09CD}.Release|Any CPU.Build.0 = Release|Any CPU
		{EF30C349-B89D-4162-B4CA-9393401EED87}.Debug|Any CPU.ActiveCfg = Debug|Any CPU
		{EF30C349-B89D-4162-B4CA-9393401EED87}.Debug|Any CPU.Build.0 = Debug|Any CPU
		{EF30C349-B89D-4162-B4CA-9393401EED87}.Release|Any CPU.ActiveCfg = Release|Any CPU
		{EF30C349-B89D-4162-B4CA-9393401EED87}.Release|Any CPU.Build.0 = Release|Any CPU
		{8505C1B6-F54F-4CF7-9E55-F9070995BB21}.Debug|Any CPU.ActiveCfg = Debug|Any CPU
		{8505C1B6-F54F-4CF7-9E55-F9070995BB21}.Debug|Any CPU.Build.0 = Debug|Any CPU
		{8505C1B6-F54F-4CF7-9E55-F9070995BB21}.Release|Any CPU.ActiveCfg = Release|Any CPU
		{8505C1B6-F54F-4CF7-9E55-F9070995BB21}.Release|Any CPU.Build.0 = Release|Any CPU
	EndGlobalSection
	GlobalSection(SolutionProperties) = preSolution
		HideSolutionNode = FALSE
	EndGlobalSection
	GlobalSection(ExtensibilityGlobals) = postSolution
		SolutionGuid = {6B6B75A8-2A93-41C3-A8D6-52268D56738D}
	EndGlobalSection
EndGlobal
