
Microsoft Visual Studio Solution File, Format Version 12.00
# Visual Studio Version 16
VisualStudioVersion = 16.0.30717.126
MinimumVisualStudioVersion = 10.0.40219.1
Project("{9A19103F-16F7-4668-BE54-9A1E7A4F7556}") = "Modul01_HelloWPF", "HelloWPF\Modul01_HelloWPF.csproj", "{D03FECAB-5914-4734-AC67-EDF7F4848BBF}"
EndProject
Project("{9A19103F-16F7-4668-BE54-9A1E7A4F7556}") = "Modul02_Controls", "Controls\Modul02_Controls.csproj", "{7F347886-C6E7-4777-8EC3-FB15777A09CD}"
EndProject
Project("{9A19103F-16F7-4668-BE54-9A1E7A4F7556}") = "Modul03.1_Container", "Container\Modul03.1_Container.csproj", "{EF30C349-B89D-4162-B4CA-9393401EED87}"
EndProject
Project("{9A19103F-16F7-4668-BE54-9A1E7A4F7556}") = "Modul03.2_TextBoxUebung", "Uebung_Textbox\Modul03.2_TextBoxUebung.csproj", "{8505C1B6-F54F-4CF7-9E55-F9070995BB21}"
EndProject
Project("{9A19103F-16F7-4668-BE54-9A1E7A4F7556}") = "Personenverwaltung", "Personenverwaltung\Personenverwaltung.csproj", "{59BA2DE0-444D-48AF-800E-0E6DBA06F6DB}"
EndProject
Project("{9A19103F-16F7-4668-BE54-9A1E7A4F7556}") = "Modul04_EventRouting", "EventRouting\Modul04_EventRouting.csproj", "{A126EFD4-D1A8-452C-813B-0A4B93D8D574}"
EndProject
Project("{FAE04EC0-301F-11D3-BF4B-00C04F79EFBC}") = "Modul05_Resources", "Resources\Modul05_Resources.csproj", "{347D858D-138F-49C8-9CA9-FC2D67E27F97}"
EndProject
Project("{FAE04EC0-301F-11D3-BF4B-00C04F79EFBC}") = "Modul06.1_Bindings", "Bindings\Modul06.1_Bindings.csproj", "{757E53D7-59A7-4A81-8B61-0EBDDF982220}"
EndProject
Project("{FAE04EC0-301F-11D3-BF4B-00C04F79EFBC}") = "Modul06.2_ColorPickerUebung", "ColorPickerUebung\Modul06.2_ColorPickerUebung.csproj", "{DD9A91F7-F6C3-4E64-8C22-41DBBBC2EF49}"
EndProject
Project("{FAE04EC0-301F-11D3-BF4B-00C04F79EFBC}") = "Modul07_Styles", "Styles\Modul07_Styles.csproj", "{F3123520-67A3-4786-956F-CB453285B83C}"
EndProject
Global
	GlobalSection(SolutionConfigurationPlatforms) = preSolution
		Debug|Any CPU = Debug|Any CPU
		Release|Any CPU = Release|Any CPU
	EndGlobalSection
	GlobalSection(ProjectConfigurationPlatforms) = postSolution
		{D03FECAB-5914-4734-AC67-EDF7F4848BBF}.Debug|Any CPU.ActiveCfg = Debug|Any CPU
		{D03FECAB-5914-4734-AC67-EDF7F4848BBF}.Debug|Any CPU.Build.0 = Debug|Any CPU
		{D03FECAB-5914-4734-AC67-EDF7F4848BBF}.Release|Any CPU.ActiveCfg = Release|Any CPU
		{D03FECAB-5914-4734-AC67-EDF7F4848BBF}.Release|Any CPU.Build.0 = Release|Any CPU
		{7F347886-C6E7-4777-8EC3-FB15777A09CD}.Debug|Any CPU.ActiveCfg = Debug|Any CPU
		{7F347886-C6E7-4777-8EC3-FB15777A09CD}.Debug|Any CPU.Build.0 = Debug|Any CPU
		{7F347886-C6E7-4777-8EC3-FB15777A09CD}.Release|Any CPU.ActiveCfg = Release|Any CPU
		{7F347886-C6E7-4777-8EC3-FB15777A09CD}.Release|Any CPU.Build.0 = Release|Any CPU
		{EF30C349-B89D-4162-B4CA-9393401EED87}.Debug|Any CPU.ActiveCfg = Debug|Any CPU
		{EF30C349-B89D-4162-B4CA-9393401EED87}.Debug|Any CPU.Build.0 = Debug|Any CPU
		{EF30C349-B89D-4162-B4CA-9393401EED87}.Release|Any CPU.ActiveCfg = Release|Any CPU
		{EF30C349-B89D-4162-B4CA-9393401EED87}.Release|Any CPU.Build.0 = Release|Any CPU
		{8505C1B6-F54F-4CF7-9E55-F9070995BB21}.Debug|Any CPU.ActiveCfg = Debug|Any CPU
		{8505C1B6-F54F-4CF7-9E55-F9070995BB21}.Debug|Any CPU.Build.0 = Debug|Any CPU
		{8505C1B6-F54F-4CF7-9E55-F9070995BB21}.Release|Any CPU.ActiveCfg = Release|Any CPU
		{8505C1B6-F54F-4CF7-9E55-F9070995BB21}.Release|Any CPU.Build.0 = Release|Any CPU
		{59BA2DE0-444D-48AF-800E-0E6DBA06F6DB}.Debug|Any CPU.ActiveCfg = Debug|Any CPU
		{59BA2DE0-444D-48AF-800E-0E6DBA06F6DB}.Debug|Any CPU.Build.0 = Debug|Any CPU
		{59BA2DE0-444D-48AF-800E-0E6DBA06F6DB}.Release|Any CPU.ActiveCfg = Release|Any CPU
		{59BA2DE0-444D-48AF-800E-0E6DBA06F6DB}.Release|Any CPU.Build.0 = Release|Any CPU
		{A126EFD4-D1A8-452C-813B-0A4B93D8D574}.Debug|Any CPU.ActiveCfg = Debug|Any CPU
		{A126EFD4-D1A8-452C-813B-0A4B93D8D574}.Debug|Any CPU.Build.0 = Debug|Any CPU
		{A126EFD4-D1A8-452C-813B-0A4B93D8D574}.Release|Any CPU.ActiveCfg = Release|Any CPU
		{A126EFD4-D1A8-452C-813B-0A4B93D8D574}.Release|Any CPU.Build.0 = Release|Any CPU
		{347D858D-138F-49C8-9CA9-FC2D67E27F97}.Debug|Any CPU.ActiveCfg = Debug|Any CPU
		{347D858D-138F-49C8-9CA9-FC2D67E27F97}.Debug|Any CPU.Build.0 = Debug|Any CPU
		{347D858D-138F-49C8-9CA9-FC2D67E27F97}.Release|Any CPU.ActiveCfg = Release|Any CPU
		{347D858D-138F-49C8-9CA9-FC2D67E27F97}.Release|Any CPU.Build.0 = Release|Any CPU
		{757E53D7-59A7-4A81-8B61-0EBDDF982220}.Debug|Any CPU.ActiveCfg = Debug|Any CPU
		{757E53D7-59A7-4A81-8B61-0EBDDF982220}.Debug|Any CPU.Build.0 = Debug|Any CPU
		{757E53D7-59A7-4A81-8B61-0EBDDF982220}.Release|Any CPU.ActiveCfg = Release|Any CPU
		{757E53D7-59A7-4A81-8B61-0EBDDF982220}.Release|Any CPU.Build.0 = Release|Any CPU
		{DD9A91F7-F6C3-4E64-8C22-41DBBBC2EF49}.Debug|Any CPU.ActiveCfg = Debug|Any CPU
		{DD9A91F7-F6C3-4E64-8C22-41DBBBC2EF49}.Debug|Any CPU.Build.0 = Debug|Any CPU
		{DD9A91F7-F6C3-4E64-8C22-41DBBBC2EF49}.Release|Any CPU.ActiveCfg = Release|Any CPU
		{DD9A91F7-F6C3-4E64-8C22-41DBBBC2EF49}.Release|Any CPU.Build.0 = Release|Any CPU
		{F3123520-67A3-4786-956F-CB453285B83C}.Debug|Any CPU.ActiveCfg = Debug|Any CPU
		{F3123520-67A3-4786-956F-CB453285B83C}.Debug|Any CPU.Build.0 = Debug|Any CPU
		{F3123520-67A3-4786-956F-CB453285B83C}.Release|Any CPU.ActiveCfg = Release|Any CPU
		{F3123520-67A3-4786-956F-CB453285B83C}.Release|Any CPU.Build.0 = Release|Any CPU
	EndGlobalSection
	GlobalSection(SolutionProperties) = preSolution
		HideSolutionNode = FALSE
	EndGlobalSection
	GlobalSection(ExtensibilityGlobals) = postSolution
		SolutionGuid = {6B6B75A8-2A93-41C3-A8D6-52268D56738D}
	EndGlobalSection
EndGlobal
